
Microsoft Visual Studio Solution File, Format Version 12.00
# Visual Studio Version 17
VisualStudioVersion = 17.8.34330.188
MinimumVisualStudioVersion = 10.0.40219.1
Project("{9A19103F-16F7-4668-BE54-9A1E7A4F7556}") = "MigrationGenerator.Core", "GenerateMigration\MigrationGenerator.Core.csproj", "{33C123C6-1527-4031-A5CE-5E251275C0C0}"
EndProject
Project("{FAE04EC0-301F-11D3-BF4B-00C04F79EFBC}") = "WpfAppUI", "WpfAppUI\WpfAppUI.csproj", "{4944759C-8FAC-4D41-8C8F-77F25EE248DC}"
EndProject
Global
	GlobalSection(SolutionConfigurationPlatforms) = preSolution
		Debug|Any CPU = Debug|Any CPU
		Release|Any CPU = Release|Any CPU
	EndGlobalSection
	GlobalSection(ProjectConfigurationPlatforms) = postSolution
		{33C123C6-1527-4031-A5CE-5E251275C0C0}.Debug|Any CPU.ActiveCfg = Debug|Any CPU
		{33C123C6-1527-4031-A5CE-5E251275C0C0}.Debug|Any CPU.Build.0 = Debug|Any CPU
		{33C123C6-1527-4031-A5CE-5E251275C0C0}.Release|Any CPU.ActiveCfg = Release|Any CPU
		{33C123C6-1527-4031-A5CE-5E251275C0C0}.Release|Any CPU.Build.0 = Release|Any CPU
		{4944759C-8FAC-4D41-8C8F-77F25EE248DC}.Debug|Any CPU.ActiveCfg = Debug|Any CPU
		{4944759C-8FAC-4D41-8C8F-77F25EE248DC}.Debug|Any CPU.Build.0 = Debug|Any CPU
		{4944759C-8FAC-4D41-8C8F-77F25EE248DC}.Release|Any CPU.ActiveCfg = Release|Any CPU
		{4944759C-8FAC-4D41-8C8F-77F25EE248DC}.Release|Any CPU.Build.0 = Release|Any CPU
	EndGlobalSection
	GlobalSection(SolutionProperties) = preSolution
		HideSolutionNode = FALSE
	EndGlobalSection
	GlobalSection(ExtensibilityGlobals) = postSolution
		SolutionGuid = {C267D4F3-3282-43D1-B750-ABFAF1971802}
	EndGlobalSection
EndGlobal
